
Microsoft Visual Studio Solution File, Format Version 12.00
# Visual Studio Version 16
VisualStudioVersion = 16.0.29519.181
MinimumVisualStudioVersion = 10.0.40219.1
Project("{FAE04EC0-301F-11D3-BF4B-00C04F79EFBC}") = "BookShelf", "..\..\workspace\SqlPrac\BookShelf\BookShelf\BookShelf.csproj", "{5CD0A664-6364-4B48-9388-6FDB0E96749F}"
EndProject
Global
	GlobalSection(SolutionConfigurationPlatforms) = preSolution
		Debug|Any CPU = Debug|Any CPU
		Release|Any CPU = Release|Any CPU
	EndGlobalSection
	GlobalSection(ProjectConfigurationPlatforms) = postSolution
		{5CD0A664-6364-4B48-9388-6FDB0E96749F}.Debug|Any CPU.ActiveCfg = Debug|Any CPU
		{5CD0A664-6364-4B48-9388-6FDB0E96749F}.Debug|Any CPU.Build.0 = Debug|Any CPU
		{5CD0A664-6364-4B48-9388-6FDB0E96749F}.Release|Any CPU.ActiveCfg = Release|Any CPU
		{5CD0A664-6364-4B48-9388-6FDB0E96749F}.Release|Any CPU.Build.0 = Release|Any CPU
	EndGlobalSection
	GlobalSection(SolutionProperties) = preSolution
		HideSolutionNode = FALSE
	EndGlobalSection
	GlobalSection(ExtensibilityGlobals) = postSolution
		SolutionGuid = {0298DDD4-E0A0-4647-83DE-7446BB0AED02}
	EndGlobalSection
EndGlobal
